
Microsoft Visual Studio Solution File, Format Version 12.00
# Visual Studio Version 17
VisualStudioVersion = 17.4.33213.308
MinimumVisualStudioVersion = 10.0.40219.1
Project("{FAE04EC0-301F-11D3-BF4B-00C04F79EFBC}") = "First_Web_API_CORE", "First_Web_API_CORE.csproj", "{12326894-754D-4881-B48F-171C7B3277EB}"
EndProject
Global
	GlobalSection(SolutionConfigurationPlatforms) = preSolution
		Debug|Any CPU = Debug|Any CPU
		Release|Any CPU = Release|Any CPU
	EndGlobalSection
	GlobalSection(ProjectConfigurationPlatforms) = postSolution
		{12326894-754D-4881-B48F-171C7B3277EB}.Debug|Any CPU.ActiveCfg = Debug|Any CPU
		{12326894-754D-4881-B48F-171C7B3277EB}.Debug|Any CPU.Build.0 = Debug|Any CPU
		{12326894-754D-4881-B48F-171C7B3277EB}.Release|Any CPU.ActiveCfg = Release|Any CPU
		{12326894-754D-4881-B48F-171C7B3277EB}.Release|Any CPU.Build.0 = Release|Any CPU
	EndGlobalSection
	GlobalSection(SolutionProperties) = preSolution
		HideSolutionNode = FALSE
	EndGlobalSection
	GlobalSection(ExtensibilityGlobals) = postSolution
		SolutionGuid = {1281BC99-2823-4C8E-91B5-F0375FE8A63A}
	EndGlobalSection
EndGlobal
